
Microsoft Visual Studio Solution File, Format Version 12.00
# Visual Studio Version 17
VisualStudioVersion = 17.2.32616.157
MinimumVisualStudioVersion = 10.0.40219.1
Project("{FAE04EC0-301F-11D3-BF4B-00C04F79EFBC}") = "Simple_E_Commerce.App", "Simple_E_Commerce.App\Simple_E_Commerce.App.csproj", "{25E90A5F-25D8-4C11-BABE-8DC6AF4C15EE}"
EndProject
Project("{FAE04EC0-301F-11D3-BF4B-00C04F79EFBC}") = "Simple_E_Commerce.Data", "Simple_E_Commerce.Data\Simple_E_Commerce.Data.csproj", "{393B0257-F624-4785-A890-5EFF9522D254}"
EndProject
Global
	GlobalSection(SolutionConfigurationPlatforms) = preSolution
		Debug|Any CPU = Debug|Any CPU
		Release|Any CPU = Release|Any CPU
	EndGlobalSection
	GlobalSection(ProjectConfigurationPlatforms) = postSolution
		{25E90A5F-25D8-4C11-BABE-8DC6AF4C15EE}.Debug|Any CPU.ActiveCfg = Debug|Any CPU
		{25E90A5F-25D8-4C11-BABE-8DC6AF4C15EE}.Debug|Any CPU.Build.0 = Debug|Any CPU
		{25E90A5F-25D8-4C11-BABE-8DC6AF4C15EE}.Release|Any CPU.ActiveCfg = Release|Any CPU
		{25E90A5F-25D8-4C11-BABE-8DC6AF4C15EE}.Release|Any CPU.Build.0 = Release|Any CPU
		{393B0257-F624-4785-A890-5EFF9522D254}.Debug|Any CPU.ActiveCfg = Debug|Any CPU
		{393B0257-F624-4785-A890-5EFF9522D254}.Debug|Any CPU.Build.0 = Debug|Any CPU
		{393B0257-F624-4785-A890-5EFF9522D254}.Release|Any CPU.ActiveCfg = Release|Any CPU
		{393B0257-F624-4785-A890-5EFF9522D254}.Release|Any CPU.Build.0 = Release|Any CPU
	EndGlobalSection
	GlobalSection(SolutionProperties) = preSolution
		HideSolutionNode = FALSE
	EndGlobalSection
	GlobalSection(ExtensibilityGlobals) = postSolution
		SolutionGuid = {02310EC4-4F33-4973-87B9-4BADE2F64161}
	EndGlobalSection
EndGlobal
